{
  "name": "memorize.ai",
  "requires": true,
  "lockfileVersion": 1,
  "dependencies": {
    "elm": {
      "version": "0.19.0-no-deps",
      "resolved": "https://registry.npmjs.org/elm/-/elm-0.19.0-no-deps.tgz",
      "integrity": "sha512-tOlSeo5Bt0Rkrt/aBjL+/a+TmAFdfeqjrOlThrhgKOoGeHt1hU7/hJ+HFMlHiODf09AQh7Anl64o7V6thzmRHw=="
    }
  }
}
